
Microsoft Visual Studio Solution File, Format Version 12.00
# Visual Studio Version 17
VisualStudioVersion = 17.5.33530.505
MinimumVisualStudioVersion = 10.0.40219.1
Project("{FAE04EC0-301F-11D3-BF4B-00C04F79EFBC}") = "GPTalky", "GPTalky\GPTalky.csproj", "{1BB9F46F-D32E-4CCE-853E-732D5190D383}"
EndProject
Project("{FAE04EC0-301F-11D3-BF4B-00C04F79EFBC}") = "Entity", "Entity\Entity.csproj", "{0D0EB17C-7194-4207-8A00-BBACD1314F36}"
EndProject
Project("{9A19103F-16F7-4668-BE54-9A1E7A4F7556}") = "Core", "Core\Core.csproj", "{54655192-89E8-4121-8BC0-3E8FAB3DD241}"
EndProject
Global
	GlobalSection(SolutionConfigurationPlatforms) = preSolution
		Debug|Any CPU = Debug|Any CPU
		Release|Any CPU = Release|Any CPU
	EndGlobalSection
	GlobalSection(ProjectConfigurationPlatforms) = postSolution
		{1BB9F46F-D32E-4CCE-853E-732D5190D383}.Debug|Any CPU.ActiveCfg = Debug|Any CPU
		{1BB9F46F-D32E-4CCE-853E-732D5190D383}.Debug|Any CPU.Build.0 = Debug|Any CPU
		{1BB9F46F-D32E-4CCE-853E-732D5190D383}.Release|Any CPU.ActiveCfg = Release|Any CPU
		{1BB9F46F-D32E-4CCE-853E-732D5190D383}.Release|Any CPU.Build.0 = Release|Any CPU
		{0D0EB17C-7194-4207-8A00-BBACD1314F36}.Debug|Any CPU.ActiveCfg = Debug|Any CPU
		{0D0EB17C-7194-4207-8A00-BBACD1314F36}.Debug|Any CPU.Build.0 = Debug|Any CPU
		{0D0EB17C-7194-4207-8A00-BBACD1314F36}.Release|Any CPU.ActiveCfg = Release|Any CPU
		{0D0EB17C-7194-4207-8A00-BBACD1314F36}.Release|Any CPU.Build.0 = Release|Any CPU
		{54655192-89E8-4121-8BC0-3E8FAB3DD241}.Debug|Any CPU.ActiveCfg = Debug|Any CPU
		{54655192-89E8-4121-8BC0-3E8FAB3DD241}.Debug|Any CPU.Build.0 = Debug|Any CPU
		{54655192-89E8-4121-8BC0-3E8FAB3DD241}.Release|Any CPU.ActiveCfg = Release|Any CPU
		{54655192-89E8-4121-8BC0-3E8FAB3DD241}.Release|Any CPU.Build.0 = Release|Any CPU
	EndGlobalSection
	GlobalSection(SolutionProperties) = preSolution
		HideSolutionNode = FALSE
	EndGlobalSection
	GlobalSection(ExtensibilityGlobals) = postSolution
		SolutionGuid = {B0E6E7B6-D3AA-437F-9B43-045DD8822C11}
	EndGlobalSection
EndGlobal
